{
  "requires": true,
  "lockfileVersion": 1,
  "dependencies": {
    "@vue/cli-plugin-vuex": {
      "version": "4.4.1",
      "resolved": "https://registry.npmjs.org/@vue/cli-plugin-vuex/-/cli-plugin-vuex-4.4.1.tgz",
      "integrity": "sha512-FtOFsDP0qznwVaCz0BZmTzUm5vhHSJzX2/XD3L5dLTkrNxyDEbZmbKoX0n1OzBcQwZC7dkJZP2tdoCQx0mX//g==",
      "dev": true
    }
  }
}
